// !$*UTF8*$!
{
	archiveVersion = 1;
	classes = {
	};
	objectVersion = 46;
	objects = {

/* Begin PBXBuildFile section */
		33384CA11D5F349C00A70BDF /* Constants.swift in Sources */ = {isa = PBXBuildFile; fileRef = 33384CA01D5F349C00A70BDF /* Constants.swift */; };
		33384CA31D5F366200A70BDF /* StyledBtn.swift in Sources */ = {isa = PBXBuildFile; fileRef = 33384CA21D5F366200A70BDF /* StyledBtn.swift */; };
		33BF46611D5DE7AA0038BA0A /* AppDelegate.swift in Sources */ = {isa = PBXBuildFile; fileRef = 33BF46601D5DE7AA0038BA0A /* AppDelegate.swift */; };
		33BF46631D5DE7AA0038BA0A /* ViewController.swift in Sources */ = {isa = PBXBuildFile; fileRef = 33BF46621D5DE7AA0038BA0A /* ViewController.swift */; };
		33BF46681D5DE7AA0038BA0A /* Assets.xcassets in Resources */ = {isa = PBXBuildFile; fileRef = 33BF46671D5DE7AA0038BA0A /* Assets.xcassets */; };
		33BF466B1D5DE7AA0038BA0A /* LaunchScreen.storyboard in Resources */ = {isa = PBXBuildFile; fileRef = 33BF46691D5DE7AA0038BA0A /* LaunchScreen.storyboard */; };
		340194711D6466D40087976A /* Player.swift in Sources */ = {isa = PBXBuildFile; fileRef = 3401946A1D6466D40087976A /* Player.swift */; };
		340194721D6466D40087976A /* ysocket.swift in Sources */ = {isa = PBXBuildFile; fileRef = 3401946B1D6466D40087976A /* ysocket.swift */; };
		340194731D6466D40087976A /* ytcpsocket.c in Sources */ = {isa = PBXBuildFile; fileRef = 3401946C1D6466D40087976A /* ytcpsocket.c */; };
		340194741D6466D40087976A /* ytcpsocket.swift in Sources */ = {isa = PBXBuildFile; fileRef = 3401946D1D6466D40087976A /* ytcpsocket.swift */; };
		340194751D6466D40087976A /* yudpsocket.c in Sources */ = {isa = PBXBuildFile; fileRef = 3401946E1D6466D40087976A /* yudpsocket.c */; };
		340194761D6466D40087976A /* yudpsocket.swift in Sources */ = {isa = PBXBuildFile; fileRef = 3401946F1D6466D40087976A /* yudpsocket.swift */; };
		3401947D1D6467310087976A /* Player.swift in Sources */ = {isa = PBXBuildFile; fileRef = 340194771D6467310087976A /* Player.swift */; };
		3401947E1D6467310087976A /* ysocket.swift in Sources */ = {isa = PBXBuildFile; fileRef = 340194781D6467310087976A /* ysocket.swift */; };
		3401947F1D6467310087976A /* ytcpsocket.c in Sources */ = {isa = PBXBuildFile; fileRef = 340194791D6467310087976A /* ytcpsocket.c */; };
		340194801D6467310087976A /* ytcpsocket.swift in Sources */ = {isa = PBXBuildFile; fileRef = 3401947A1D6467310087976A /* ytcpsocket.swift */; };
		340194811D6467310087976A /* yudpsocket.c in Sources */ = {isa = PBXBuildFile; fileRef = 3401947B1D6467310087976A /* yudpsocket.c */; };
		340194821D6467310087976A /* yudpsocket.swift in Sources */ = {isa = PBXBuildFile; fileRef = 3401947C1D6467310087976A /* yudpsocket.swift */; };
		340194841D64673A0087976A /* main.swift in Sources */ = {isa = PBXBuildFile; fileRef = 340194831D64673A0087976A /* main.swift */; };
		34604D331D65BA6D00426AEA /* Handling.swift in Sources */ = {isa = PBXBuildFile; fileRef = 34604D321D65BA6D00426AEA /* Handling.swift */; };
		34604D351D65C12B00426AEA /* JoinVC.swift in Sources */ = {isa = PBXBuildFile; fileRef = 34604D341D65C12B00426AEA /* JoinVC.swift */; };
		3475AEFE1D6A21680066F0A2 /* RoleVC.swift in Sources */ = {isa = PBXBuildFile; fileRef = 3475AEFD1D6A21680066F0A2 /* RoleVC.swift */; };
		34C35A571D6702B40072C347 /* Main.storyboard in Resources */ = {isa = PBXBuildFile; fileRef = 34C35A561D6702B40072C347 /* Main.storyboard */; };
		34F69EA31D6B11510098018C /* DayVC.swift in Sources */ = {isa = PBXBuildFile; fileRef = 34F69EA21D6B11510098018C /* DayVC.swift */; };
		34FB31A81D69D15200CDA95E /* WaitingVC.swift in Sources */ = {isa = PBXBuildFile; fileRef = 34FB31A71D69D15200CDA95E /* WaitingVC.swift */; };
/* End PBXBuildFile section */

/* Begin PBXCopyFilesBuildPhase section */
		341A75061D64667F00656FF3 /* CopyFiles */ = {
			isa = PBXCopyFilesBuildPhase;
			buildActionMask = 2147483647;
			dstPath = /usr/share/man/man1/;
			dstSubfolderSpec = 0;
			files = (
			);
			runOnlyForDeploymentPostprocessing = 1;
		};
/* End PBXCopyFilesBuildPhase section */

/* Begin PBXFileReference section */
		33384CA01D5F349C00A70BDF /* Constants.swift */ = {isa = PBXFileReference; fileEncoding = 4; lastKnownFileType = sourcecode.swift; path = Constants.swift; sourceTree = "<group>"; };
		33384CA21D5F366200A70BDF /* StyledBtn.swift */ = {isa = PBXFileReference; fileEncoding = 4; lastKnownFileType = sourcecode.swift; path = StyledBtn.swift; sourceTree = "<group>"; };
		33BF465D1D5DE7AA0038BA0A /* Mafia.app */ = {isa = PBXFileReference; explicitFileType = wrapper.application; includeInIndex = 0; path = Mafia.app; sourceTree = BUILT_PRODUCTS_DIR; };
		33BF46601D5DE7AA0038BA0A /* AppDelegate.swift */ = {isa = PBXFileReference; lastKnownFileType = sourcecode.swift; path = AppDelegate.swift; sourceTree = "<group>"; };
		33BF46621D5DE7AA0038BA0A /* ViewController.swift */ = {isa = PBXFileReference; lastKnownFileType = sourcecode.swift; path = ViewController.swift; sourceTree = "<group>"; };
		33BF46671D5DE7AA0038BA0A /* Assets.xcassets */ = {isa = PBXFileReference; lastKnownFileType = folder.assetcatalog; path = Assets.xcassets; sourceTree = "<group>"; };
		33BF466A1D5DE7AA0038BA0A /* Base */ = {isa = PBXFileReference; lastKnownFileType = file.storyboard; name = Base; path = Base.lproj/LaunchScreen.storyboard; sourceTree = "<group>"; };
		33BF466C1D5DE7AA0038BA0A /* Info.plist */ = {isa = PBXFileReference; lastKnownFileType = text.plist.xml; path = Info.plist; sourceTree = "<group>"; };
		3401946A1D6466D40087976A /* Player.swift */ = {isa = PBXFileReference; fileEncoding = 4; lastKnownFileType = sourcecode.swift; path = Player.swift; sourceTree = "<group>"; };
		3401946B1D6466D40087976A /* ysocket.swift */ = {isa = PBXFileReference; fileEncoding = 4; lastKnownFileType = sourcecode.swift; path = ysocket.swift; sourceTree = "<group>"; };
		3401946C1D6466D40087976A /* ytcpsocket.c */ = {isa = PBXFileReference; fileEncoding = 4; lastKnownFileType = sourcecode.c.c; path = ytcpsocket.c; sourceTree = "<group>"; };
		3401946D1D6466D40087976A /* ytcpsocket.swift */ = {isa = PBXFileReference; fileEncoding = 4; lastKnownFileType = sourcecode.swift; path = ytcpsocket.swift; sourceTree = "<group>"; };
		3401946E1D6466D40087976A /* yudpsocket.c */ = {isa = PBXFileReference; fileEncoding = 4; lastKnownFileType = sourcecode.c.c; path = yudpsocket.c; sourceTree = "<group>"; };
		3401946F1D6466D40087976A /* yudpsocket.swift */ = {isa = PBXFileReference; fileEncoding = 4; lastKnownFileType = sourcecode.swift; path = yudpsocket.swift; sourceTree = "<group>"; };
		340194771D6467310087976A /* Player.swift */ = {isa = PBXFileReference; fileEncoding = 4; lastKnownFileType = sourcecode.swift; path = Player.swift; sourceTree = "<group>"; };
		340194781D6467310087976A /* ysocket.swift */ = {isa = PBXFileReference; fileEncoding = 4; lastKnownFileType = sourcecode.swift; path = ysocket.swift; sourceTree = "<group>"; };
		340194791D6467310087976A /* ytcpsocket.c */ = {isa = PBXFileReference; fileEncoding = 4; lastKnownFileType = sourcecode.c.c; path = ytcpsocket.c; sourceTree = "<group>"; };
		3401947A1D6467310087976A /* ytcpsocket.swift */ = {isa = PBXFileReference; fileEncoding = 4; lastKnownFileType = sourcecode.swift; path = ytcpsocket.swift; sourceTree = "<group>"; };
		3401947B1D6467310087976A /* yudpsocket.c */ = {isa = PBXFileReference; fileEncoding = 4; lastKnownFileType = sourcecode.c.c; path = yudpsocket.c; sourceTree = "<group>"; };
		3401947C1D6467310087976A /* yudpsocket.swift */ = {isa = PBXFileReference; fileEncoding = 4; lastKnownFileType = sourcecode.swift; path = yudpsocket.swift; sourceTree = "<group>"; };
		340194831D64673A0087976A /* main.swift */ = {isa = PBXFileReference; fileEncoding = 4; lastKnownFileType = sourcecode.swift; path = main.swift; sourceTree = "<group>"; };
		341A75081D64667F00656FF3 /* Server */ = {isa = PBXFileReference; explicitFileType = "compiled.mach-o.executable"; includeInIndex = 0; path = Server; sourceTree = BUILT_PRODUCTS_DIR; };
		34604D321D65BA6D00426AEA /* Handling.swift */ = {isa = PBXFileReference; fileEncoding = 4; lastKnownFileType = sourcecode.swift; path = Handling.swift; sourceTree = "<group>"; };
		34604D341D65C12B00426AEA /* JoinVC.swift */ = {isa = PBXFileReference; fileEncoding = 4; lastKnownFileType = sourcecode.swift; path = JoinVC.swift; sourceTree = "<group>"; };
		3475AEFD1D6A21680066F0A2 /* RoleVC.swift */ = {isa = PBXFileReference; fileEncoding = 4; lastKnownFileType = sourcecode.swift; path = RoleVC.swift; sourceTree = "<group>"; };
		34C35A561D6702B40072C347 /* Main.storyboard */ = {isa = PBXFileReference; fileEncoding = 4; lastKnownFileType = file.storyboard; path = Main.storyboard; sourceTree = "<group>"; };
		34F69EA21D6B11510098018C /* DayVC.swift */ = {isa = PBXFileReference; fileEncoding = 4; lastKnownFileType = sourcecode.swift; path = DayVC.swift; sourceTree = "<group>"; };
		34FB31A71D69D15200CDA95E /* WaitingVC.swift */ = {isa = PBXFileReference; fileEncoding = 4; lastKnownFileType = sourcecode.swift; path = WaitingVC.swift; sourceTree = "<group>"; };
/* End PBXFileReference section */

/* Begin PBXFrameworksBuildPhase section */
		33BF465A1D5DE7AA0038BA0A /* Frameworks */ = {
			isa = PBXFrameworksBuildPhase;
			buildActionMask = 2147483647;
			files = (
			);
			runOnlyForDeploymentPostprocessing = 0;
		};
		341A75051D64667F00656FF3 /* Frameworks */ = {
			isa = PBXFrameworksBuildPhase;
			buildActionMask = 2147483647;
			files = (
			);
			runOnlyForDeploymentPostprocessing = 0;
		};
/* End PBXFrameworksBuildPhase section */

/* Begin PBXGroup section */
		33384CA41D5F383C00A70BDF /* Model */ = {
			isa = PBXGroup;
			children = (
				34604D321D65BA6D00426AEA /* Handling.swift */,
				3401946A1D6466D40087976A /* Player.swift */,
			);
			name = Model;
			sourceTree = "<group>";
		};
		33384CA51D5F384200A70BDF /* View */ = {
			isa = PBXGroup;
			children = (
				34C35A561D6702B40072C347 /* Main.storyboard */,
				33384CA21D5F366200A70BDF /* StyledBtn.swift */,
			);
			name = View;
			sourceTree = "<group>";
		};
		33384CA61D5F384B00A70BDF /* Controller */ = {
			isa = PBXGroup;
			children = (
				33BF46621D5DE7AA0038BA0A /* ViewController.swift */,
				34604D341D65C12B00426AEA /* JoinVC.swift */,
				34FB31A71D69D15200CDA95E /* WaitingVC.swift */,
				3475AEFD1D6A21680066F0A2 /* RoleVC.swift */,
				34F69EA21D6B11510098018C /* DayVC.swift */,
			);
			name = Controller;
			sourceTree = "<group>";
		};
		33384CA71D5F386700A70BDF /* Utilities */ = {
			isa = PBXGroup;
			children = (
				33384CA01D5F349C00A70BDF /* Constants.swift */,
			);
			name = Utilities;
			sourceTree = "<group>";
		};
		33BF46541D5DE7AA0038BA0A = {
			isa = PBXGroup;
			children = (
				33BF465F1D5DE7AA0038BA0A /* Mafia */,
				341A75091D64667F00656FF3 /* Server */,
				33BF465E1D5DE7AA0038BA0A /* Products */,
			);
			sourceTree = "<group>";
		};
		33BF465E1D5DE7AA0038BA0A /* Products */ = {
			isa = PBXGroup;
			children = (
				33BF465D1D5DE7AA0038BA0A /* Mafia.app */,
				341A75081D64667F00656FF3 /* Server */,
			);
			name = Products;
			sourceTree = "<group>";
		};
		33BF465F1D5DE7AA0038BA0A /* Mafia */ = {
			isa = PBXGroup;
			children = (
				340194681D6466C60087976A /* BoilerPlate */,
				33384CA71D5F386700A70BDF /* Utilities */,
				33384CA41D5F383C00A70BDF /* Model */,
				33384CA51D5F384200A70BDF /* View */,
				33384CA61D5F384B00A70BDF /* Controller */,
				33BF46601D5DE7AA0038BA0A /* AppDelegate.swift */,
				33BF46671D5DE7AA0038BA0A /* Assets.xcassets */,
				33BF46691D5DE7AA0038BA0A /* LaunchScreen.storyboard */,
				33BF466C1D5DE7AA0038BA0A /* Info.plist */,
			);
			path = Mafia;
			sourceTree = "<group>";
		};
		340194681D6466C60087976A /* BoilerPlate */ = {
			isa = PBXGroup;
			children = (
				3401946B1D6466D40087976A /* ysocket.swift */,
				3401946C1D6466D40087976A /* ytcpsocket.c */,
				3401946D1D6466D40087976A /* ytcpsocket.swift */,
				3401946E1D6466D40087976A /* yudpsocket.c */,
				3401946F1D6466D40087976A /* yudpsocket.swift */,
			);
			name = BoilerPlate;
			sourceTree = "<group>";
		};
		340194851D6467420087976A /* BoilerPlate */ = {
			isa = PBXGroup;
			children = (
				340194781D6467310087976A /* ysocket.swift */,
				340194791D6467310087976A /* ytcpsocket.c */,
				3401947A1D6467310087976A /* ytcpsocket.swift */,
				3401947B1D6467310087976A /* yudpsocket.c */,
				3401947C1D6467310087976A /* yudpsocket.swift */,
			);
			name = BoilerPlate;
			sourceTree = "<group>";
		};
		341A75091D64667F00656FF3 /* Server */ = {
			isa = PBXGroup;
			children = (
				340194851D6467420087976A /* BoilerPlate */,
				340194831D64673A0087976A /* main.swift */,
				340194771D6467310087976A /* Player.swift */,
			);
			path = Server;
			sourceTree = "<group>";
		};
/* End PBXGroup section */

/* Begin PBXNativeTarget section */
		33BF465C1D5DE7AA0038BA0A /* Mafia */ = {
			isa = PBXNativeTarget;
			buildConfigurationList = 33BF466F1D5DE7AA0038BA0A /* Build configuration list for PBXNativeTarget "Mafia" */;
			buildPhases = (
				33BF46591D5DE7AA0038BA0A /* Sources */,
				33BF465A1D5DE7AA0038BA0A /* Frameworks */,
				33BF465B1D5DE7AA0038BA0A /* Resources */,
			);
			buildRules = (
			);
			dependencies = (
			);
			name = Mafia;
			productName = Mafia;
			productReference = 33BF465D1D5DE7AA0038BA0A /* Mafia.app */;
			productType = "com.apple.product-type.application";
		};
		341A75071D64667F00656FF3 /* Server */ = {
			isa = PBXNativeTarget;
			buildConfigurationList = 341A750E1D64667F00656FF3 /* Build configuration list for PBXNativeTarget "Server" */;
			buildPhases = (
				341A75041D64667F00656FF3 /* Sources */,
				341A75051D64667F00656FF3 /* Frameworks */,
				341A75061D64667F00656FF3 /* CopyFiles */,
			);
			buildRules = (
			);
			dependencies = (
			);
			name = Server;
			productName = Server;
			productReference = 341A75081D64667F00656FF3 /* Server */;
			productType = "com.apple.product-type.tool";
		};
/* End PBXNativeTarget section */

/* Begin PBXProject section */
		33BF46551D5DE7AA0038BA0A /* Project object */ = {
			isa = PBXProject;
			attributes = {
				LastSwiftUpdateCheck = 0730;
				LastUpgradeCheck = 0710;
				ORGANIZATIONNAME = "Danoosh Chamani";
				TargetAttributes = {
					33BF465C1D5DE7AA0038BA0A = {
						CreatedOnToolsVersion = 7.1;
						DevelopmentTeam = F2SW75LBZV;
					};
					341A75071D64667F00656FF3 = {
						CreatedOnToolsVersion = 7.3.1;
					};
				};
			};
			buildConfigurationList = 33BF46581D5DE7AA0038BA0A /* Build configuration list for PBXProject "Mafia" */;
			compatibilityVersion = "Xcode 3.2";
			developmentRegion = English;
			hasScannedForEncodings = 0;
			knownRegions = (
				en,
				Base,
			);
			mainGroup = 33BF46541D5DE7AA0038BA0A;
			productRefGroup = 33BF465E1D5DE7AA0038BA0A /* Products */;
			projectDirPath = "";
			projectRoot = "";
			targets = (
				33BF465C1D5DE7AA0038BA0A /* Mafia */,
				341A75071D64667F00656FF3 /* Server */,
			);
		};
/* End PBXProject section */

/* Begin PBXResourcesBuildPhase section */
		33BF465B1D5DE7AA0038BA0A /* Resources */ = {
			isa = PBXResourcesBuildPhase;
			buildActionMask = 2147483647;
			files = (
				34C35A571D6702B40072C347 /* Main.storyboard in Resources */,
				33BF466B1D5DE7AA0038BA0A /* LaunchScreen.storyboard in Resources */,
				33BF46681D5DE7AA0038BA0A /* Assets.xcassets in Resources */,
			);
			runOnlyForDeploymentPostprocessing = 0;
		};
/* End PBXResourcesBuildPhase section */

/* Begin PBXSourcesBuildPhase section */
		33BF46591D5DE7AA0038BA0A /* Sources */ = {
			isa = PBXSourcesBuildPhase;
			buildActionMask = 2147483647;
			files = (
				3475AEFE1D6A21680066F0A2 /* RoleVC.swift in Sources */,
				33BF46631D5DE7AA0038BA0A /* ViewController.swift in Sources */,
				340194721D6466D40087976A /* ysocket.swift in Sources */,
				340194741D6466D40087976A /* ytcpsocket.swift in Sources */,
				33BF46611D5DE7AA0038BA0A /* AppDelegate.swift in Sources */,
				340194761D6466D40087976A /* yudpsocket.swift in Sources */,
				33384CA31D5F366200A70BDF /* StyledBtn.swift in Sources */,
				34FB31A81D69D15200CDA95E /* WaitingVC.swift in Sources */,
				340194751D6466D40087976A /* yudpsocket.c in Sources */,
				340194711D6466D40087976A /* Player.swift in Sources */,
				34604D351D65C12B00426AEA /* JoinVC.swift in Sources */,
				34F69EA31D6B11510098018C /* DayVC.swift in Sources */,
				340194731D6466D40087976A /* ytcpsocket.c in Sources */,
				34604D331D65BA6D00426AEA /* Handling.swift in Sources */,
				33384CA11D5F349C00A70BDF /* Constants.swift in Sources */,
			);
			runOnlyForDeploymentPostprocessing = 0;
		};
		341A75041D64667F00656FF3 /* Sources */ = {
			isa = PBXSourcesBuildPhase;
			buildActionMask = 2147483647;
			files = (
				340194821D6467310087976A /* yudpsocket.swift in Sources */,
				340194841D64673A0087976A /* main.swift in Sources */,
				340194801D6467310087976A /* ytcpsocket.swift in Sources */,
				340194811D6467310087976A /* yudpsocket.c in Sources */,
				3401947E1D6467310087976A /* ysocket.swift in Sources */,
				3401947F1D6467310087976A /* ytcpsocket.c in Sources */,
				3401947D1D6467310087976A /* Player.swift in Sources */,
			);
			runOnlyForDeploymentPostprocessing = 0;
		};
/* End PBXSourcesBuildPhase section */

/* Begin PBXVariantGroup section */
		33BF46691D5DE7AA0038BA0A /* LaunchScreen.storyboard */ = {
			isa = PBXVariantGroup;
			children = (
				33BF466A1D5DE7AA0038BA0A /* Base */,
			);
			name = LaunchScreen.storyboard;
			sourceTree = "<group>";
		};
/* End PBXVariantGroup section */

/* Begin XCBuildConfiguration section */
		33BF466D1D5DE7AA0038BA0A /* Debug */ = {
			isa = XCBuildConfiguration;
			buildSettings = {
				ALWAYS_SEARCH_USER_PATHS = NO;
				CLANG_CXX_LANGUAGE_STANDARD = "gnu++0x";
				CLANG_CXX_LIBRARY = "libc++";
				CLANG_ENABLE_MODULES = YES;
				CLANG_ENABLE_OBJC_ARC = YES;
				CLANG_WARN_BOOL_CONVERSION = YES;
				CLANG_WARN_CONSTANT_CONVERSION = YES;
				CLANG_WARN_DIRECT_OBJC_ISA_USAGE = YES_ERROR;
				CLANG_WARN_EMPTY_BODY = YES;
				CLANG_WARN_ENUM_CONVERSION = YES;
				CLANG_WARN_INT_CONVERSION = YES;
				CLANG_WARN_OBJC_ROOT_CLASS = YES_ERROR;
				CLANG_WARN_UNREACHABLE_CODE = YES;
				CLANG_WARN__DUPLICATE_METHOD_MATCH = YES;
				"CODE_SIGN_IDENTITY[sdk=iphoneos*]" = "iPhone Developer";
				COPY_PHASE_STRIP = NO;
				DEBUG_INFORMATION_FORMAT = dwarf;
				ENABLE_STRICT_OBJC_MSGSEND = YES;
				ENABLE_TESTABILITY = YES;
				GCC_C_LANGUAGE_STANDARD = gnu99;
				GCC_DYNAMIC_NO_PIC = NO;
				GCC_NO_COMMON_BLOCKS = YES;
				GCC_OPTIMIZATION_LEVEL = 0;
				GCC_PREPROCESSOR_DEFINITIONS = (
					"DEBUG=1",
					"$(inherited)",
				);
				GCC_WARN_64_TO_32_BIT_CONVERSION = YES;
				GCC_WARN_ABOUT_RETURN_TYPE = YES_ERROR;
				GCC_WARN_UNDECLARED_SELECTOR = YES;
				GCC_WARN_UNINITIALIZED_AUTOS = YES_AGGRESSIVE;
				GCC_WARN_UNUSED_FUNCTION = YES;
				GCC_WARN_UNUSED_VARIABLE = YES;
				IPHONEOS_DEPLOYMENT_TARGET = 9.1;
				MTL_ENABLE_DEBUG_INFO = YES;
				ONLY_ACTIVE_ARCH = YES;
				SDKROOT = iphoneos;
				SWIFT_OPTIMIZATION_LEVEL = "-Onone";
				TARGETED_DEVICE_FAMILY = "1,2";
			};
			name = Debug;
		};
		33BF466E1D5DE7AA0038BA0A /* Release */ = {
			isa = XCBuildConfiguration;
			buildSettings = {
				ALWAYS_SEARCH_USER_PATHS = NO;
				CLANG_CXX_LANGUAGE_STANDARD = "gnu++0x";
				CLANG_CXX_LIBRARY = "libc++";
				CLANG_ENABLE_MODULES = YES;
				CLANG_ENABLE_OBJC_ARC = YES;
				CLANG_WARN_BOOL_CONVERSION = YES;
				CLANG_WARN_CONSTANT_CONVERSION = YES;
				CLANG_WARN_DIRECT_OBJC_ISA_USAGE = YES_ERROR;
				CLANG_WARN_EMPTY_BODY = YES;
				CLANG_WARN_ENUM_CONVERSION = YES;
				CLANG_WARN_INT_CONVERSION = YES;
				CLANG_WARN_OBJC_ROOT_CLASS = YES_ERROR;
				CLANG_WARN_UNREACHABLE_CODE = YES;
				CLANG_WARN__DUPLICATE_METHOD_MATCH = YES;
				"CODE_SIGN_IDENTITY[sdk=iphoneos*]" = "iPhone Developer";
				COPY_PHASE_STRIP = NO;
				DEBUG_INFORMATION_FORMAT = "dwarf-with-dsym";
				ENABLE_NS_ASSERTIONS = NO;
				ENABLE_STRICT_OBJC_MSGSEND = YES;
				GCC_C_LANGUAGE_STANDARD = gnu99;
				GCC_NO_COMMON_BLOCKS = YES;
				GCC_WARN_64_TO_32_BIT_CONVERSION = YES;
				GCC_WARN_ABOUT_RETURN_TYPE = YES_ERROR;
				GCC_WARN_UNDECLARED_SELECTOR = YES;
				GCC_WARN_UNINITIALIZED_AUTOS = YES_AGGRESSIVE;
				GCC_WARN_UNUSED_FUNCTION = YES;
				GCC_WARN_UNUSED_VARIABLE = YES;
				IPHONEOS_DEPLOYMENT_TARGET = 9.1;
				MTL_ENABLE_DEBUG_INFO = NO;
				SDKROOT = iphoneos;
				TARGETED_DEVICE_FAMILY = "1,2";
				VALIDATE_PRODUCT = YES;
			};
			name = Release;
		};
		33BF46701D5DE7AA0038BA0A /* Debug */ = {
			isa = XCBuildConfiguration;
			buildSettings = {
				ASSETCATALOG_COMPILER_APPICON_NAME = AppIcon;
				CLANG_ENABLE_MODULES = YES;
				CODE_SIGN_IDENTITY = "iPhone Developer";
				"CODE_SIGN_IDENTITY[sdk=iphoneos*]" = "iPhone Developer";
				INFOPLIST_FILE = Mafia/Info.plist;
				LD_RUNPATH_SEARCH_PATHS = "$(inherited) @executable_path/Frameworks";
				PRODUCT_BUNDLE_IDENTIFIER = "Danoosh-Chamani.Mafia";
				PRODUCT_NAME = "$(TARGET_NAME)";
				PROVISIONING_PROFILE = "";
				SWIFT_OPTIMIZATION_LEVEL = "-Onone";
			};
			name = Debug;
		};
		33BF46711D5DE7AA0038BA0A /* Release */ = {
			isa = XCBuildConfiguration;
			buildSettings = {
				ASSETCATALOG_COMPILER_APPICON_NAME = AppIcon;
				CLANG_ENABLE_MODULES = YES;
				CODE_SIGN_IDENTITY = "iPhone Developer";
				"CODE_SIGN_IDENTITY[sdk=iphoneos*]" = "iPhone Developer";
				INFOPLIST_FILE = Mafia/Info.plist;
				LD_RUNPATH_SEARCH_PATHS = "$(inherited) @executable_path/Frameworks";
				PRODUCT_BUNDLE_IDENTIFIER = "Danoosh-Chamani.Mafia";
				PRODUCT_NAME = "$(TARGET_NAME)";
				PROVISIONING_PROFILE = "";
			};
			name = Release;
		};
		341A750C1D64667F00656FF3 /* Debug */ = {
			isa = XCBuildConfiguration;
			buildSettings = {
				CLANG_ANALYZER_NONNULL = YES;
				CLANG_ENABLE_MODULES = YES;
				CODE_SIGN_IDENTITY = "-";
				LD_RUNPATH_SEARCH_PATHS = "$(inherited) @executable_path/../Frameworks @loader_path/../Frameworks";
				MACOSX_DEPLOYMENT_TARGET = 10.11;
				PRODUCT_NAME = "$(TARGET_NAME)";
				SDKROOT = macosx;
				SWIFT_OPTIMIZATION_LEVEL = "-Onone";
			};
			name = Debug;
		};
		341A750D1D64667F00656FF3 /* Release */ = {
			isa = XCBuildConfiguration;
			buildSettings = {
				CLANG_ANALYZER_NONNULL = YES;
				CLANG_ENABLE_MODULES = YES;
				CODE_SIGN_IDENTITY = "-";
				LD_RUNPATH_SEARCH_PATHS = "$(inherited) @executable_path/../Frameworks @loader_path/../Frameworks";
				MACOSX_DEPLOYMENT_TARGET = 10.11;
				PRODUCT_NAME = "$(TARGET_NAME)";
				SDKROOT = macosx;
			};
			name = Release;
		};
/* End XCBuildConfiguration section */

/* Begin XCConfigurationList section */
		33BF46581D5DE7AA0038BA0A /* Build configuration list for PBXProject "Mafia" */ = {
			isa = XCConfigurationList;
			buildConfigurations = (
				33BF466D1D5DE7AA0038BA0A /* Debug */,
				33BF466E1D5DE7AA0038BA0A /* Release */,
			);
			defaultConfigurationIsVisible = 0;
			defaultConfigurationName = Release;
		};
		33BF466F1D5DE7AA0038BA0A /* Build configuration list for PBXNativeTarget "Mafia" */ = {
			isa = XCConfigurationList;
			buildConfigurations = (
				33BF46701D5DE7AA0038BA0A /* Debug */,
				33BF46711D5DE7AA0038BA0A /* Release */,
			);
			defaultConfigurationIsVisible = 0;
			defaultConfigurationName = Release;
		};
		341A750E1D64667F00656FF3 /* Build configuration list for PBXNativeTarget "Server" */ = {
			isa = XCConfigurationList;
			buildConfigurations = (
				341A750C1D64667F00656FF3 /* Debug */,
				341A750D1D64667F00656FF3 /* Release */,
			);
			defaultConfigurationIsVisible = 0;
			defaultConfigurationName = Release;
		};
/* End XCConfigurationList section */
	};
	rootObject = 33BF46551D5DE7AA0038BA0A /* Project object */;
}
